
Microsoft Visual Studio Solution File, Format Version 10.00
# Visual Studio 2008
Project("{8BC9CEB8-8B4A-11D0-8D11-00A0C91BC942}") = "qiusushu", "qiusushu.vcproj", "{8453A9D6-2782-40E3-9859-996FF9D193C4}"
EndProject
Global
	GlobalSection(SolutionConfigurationPlatforms) = preSolution
		Debug|Win32 = Debug|Win32
		Release|Win32 = Release|Win32
	EndGlobalSection
	GlobalSection(ProjectConfigurationPlatforms) = postSolution
		{8453A9D6-2782-40E3-9859-996FF9D193C4}.Debug|Win32.ActiveCfg = Debug|Win32
		{8453A9D6-2782-40E3-9859-996FF9D193C4}.Debug|Win32.Build.0 = Debug|Win32
		{8453A9D6-2782-40E3-9859-996FF9D193C4}.Release|Win32.ActiveCfg = Release|Win32
		{8453A9D6-2782-40E3-9859-996FF9D193C4}.Release|Win32.Build.0 = Release|Win32
	EndGlobalSection
	GlobalSection(SolutionProperties) = preSolution
		HideSolutionNode = FALSE
	EndGlobalSection
EndGlobal
