
Microsoft Visual Studio Solution File, Format Version 10.00
# Visual Studio 2008
Project("{8BC9CEB8-8B4A-11D0-8D11-00A0C91BC942}") = "webCone", "webCone\webCone.vcproj", "{42756778-16C6-401A-BBF9-AAC5ACF321F6}"
EndProject
Project("{8BC9CEB8-8B4A-11D0-8D11-00A0C91BC942}") = "ChttpCon", "ChttpCon\ChttpCon.vcproj", "{AFA8583B-6ECC-4EE5-B8F6-EA11246B5BD5}"
EndProject
Project("{8BC9CEB8-8B4A-11D0-8D11-00A0C91BC942}") = "firewarn", "ftpfile\ftpfile.vcproj", "{05E1ADE3-9142-49BD-AB1D-77A82315C523}"
EndProject
Global
	GlobalSection(SolutionConfigurationPlatforms) = preSolution
		Debug|Win32 = Debug|Win32
		Release|Win32 = Release|Win32
	EndGlobalSection
	GlobalSection(ProjectConfigurationPlatforms) = postSolution
		{42756778-16C6-401A-BBF9-AAC5ACF321F6}.Debug|Win32.ActiveCfg = Debug|Win32
		{42756778-16C6-401A-BBF9-AAC5ACF321F6}.Debug|Win32.Build.0 = Debug|Win32
		{42756778-16C6-401A-BBF9-AAC5ACF321F6}.Release|Win32.ActiveCfg = Release|Win32
		{42756778-16C6-401A-BBF9-AAC5ACF321F6}.Release|Win32.Build.0 = Release|Win32
		{AFA8583B-6ECC-4EE5-B8F6-EA11246B5BD5}.Debug|Win32.ActiveCfg = Debug|Win32
		{AFA8583B-6ECC-4EE5-B8F6-EA11246B5BD5}.Debug|Win32.Build.0 = Debug|Win32
		{AFA8583B-6ECC-4EE5-B8F6-EA11246B5BD5}.Release|Win32.ActiveCfg = Release|Win32
		{AFA8583B-6ECC-4EE5-B8F6-EA11246B5BD5}.Release|Win32.Build.0 = Release|Win32
		{05E1ADE3-9142-49BD-AB1D-77A82315C523}.Debug|Win32.ActiveCfg = Debug|Win32
		{05E1ADE3-9142-49BD-AB1D-77A82315C523}.Debug|Win32.Build.0 = Debug|Win32
		{05E1ADE3-9142-49BD-AB1D-77A82315C523}.Release|Win32.ActiveCfg = Release|Win32
		{05E1ADE3-9142-49BD-AB1D-77A82315C523}.Release|Win32.Build.0 = Release|Win32
	EndGlobalSection
	GlobalSection(SolutionProperties) = preSolution
		HideSolutionNode = FALSE
	EndGlobalSection
EndGlobal
