
Microsoft Visual Studio Solution File, Format Version 10.00
# Visual Studio 2008
Project("{8BC9CEB8-8B4A-11D0-8D11-00A0C91BC942}") = "boost_test", "boost_test\boost_test.vcproj", "{D0D1E61B-26AE-4657-B976-C5867ED3A5DA}"
EndProject
Global
	GlobalSection(SolutionConfigurationPlatforms) = preSolution
		Debug|Win32 = Debug|Win32
		Release|Win32 = Release|Win32
	EndGlobalSection
	GlobalSection(ProjectConfigurationPlatforms) = postSolution
		{D0D1E61B-26AE-4657-B976-C5867ED3A5DA}.Debug|Win32.ActiveCfg = Debug|Win32
		{D0D1E61B-26AE-4657-B976-C5867ED3A5DA}.Debug|Win32.Build.0 = Debug|Win32
		{D0D1E61B-26AE-4657-B976-C5867ED3A5DA}.Release|Win32.ActiveCfg = Release|Win32
		{D0D1E61B-26AE-4657-B976-C5867ED3A5DA}.Release|Win32.Build.0 = Release|Win32
	EndGlobalSection
	GlobalSection(SolutionProperties) = preSolution
		HideSolutionNode = FALSE
	EndGlobalSection
EndGlobal
