
Microsoft Visual Studio Solution File, Format Version 10.00
# Visual Studio 2008
Project("{8BC9CEB8-8B4A-11D0-8D11-00A0C91BC942}") = "drawmaps", "drawmaps\drawmaps.vcproj", "{6B2DF25E-A841-4A8F-A82E-4B303116C820}"
EndProject
Project("{8BC9CEB8-8B4A-11D0-8D11-00A0C91BC942}") = "MultiThread1", "MultiThread1\MultiThread1.vcproj", "{C69766E2-7071-41B3-BECF-7A6EFED81033}"
EndProject
Global
	GlobalSection(SolutionConfigurationPlatforms) = preSolution
		Debug|Win32 = Debug|Win32
		Release|Win32 = Release|Win32
	EndGlobalSection
	GlobalSection(ProjectConfigurationPlatforms) = postSolution
		{6B2DF25E-A841-4A8F-A82E-4B303116C820}.Debug|Win32.ActiveCfg = Debug|Win32
		{6B2DF25E-A841-4A8F-A82E-4B303116C820}.Debug|Win32.Build.0 = Debug|Win32
		{6B2DF25E-A841-4A8F-A82E-4B303116C820}.Release|Win32.ActiveCfg = Release|Win32
		{6B2DF25E-A841-4A8F-A82E-4B303116C820}.Release|Win32.Build.0 = Release|Win32
		{C69766E2-7071-41B3-BECF-7A6EFED81033}.Debug|Win32.ActiveCfg = Debug|Win32
		{C69766E2-7071-41B3-BECF-7A6EFED81033}.Debug|Win32.Build.0 = Debug|Win32
		{C69766E2-7071-41B3-BECF-7A6EFED81033}.Release|Win32.ActiveCfg = Release|Win32
		{C69766E2-7071-41B3-BECF-7A6EFED81033}.Release|Win32.Build.0 = Release|Win32
	EndGlobalSection
	GlobalSection(SolutionProperties) = preSolution
		HideSolutionNode = FALSE
	EndGlobalSection
EndGlobal
