
Microsoft Visual Studio Solution File, Format Version 9.00
# Visual Studio 2005
Project("{8BC9CEB8-8B4A-11D0-8D11-00A0C91BC942}") = "differential_equation", "differential_equation\differential_equation.vcproj", "{AA6A1B18-1545-4060-95EC-40A03A72FCAA}"
EndProject
Global
	GlobalSection(SolutionConfigurationPlatforms) = preSolution
		Debug|Win32 = Debug|Win32
		Release|Win32 = Release|Win32
	EndGlobalSection
	GlobalSection(ProjectConfigurationPlatforms) = postSolution
		{AA6A1B18-1545-4060-95EC-40A03A72FCAA}.Debug|Win32.ActiveCfg = Debug|Win32
		{AA6A1B18-1545-4060-95EC-40A03A72FCAA}.Debug|Win32.Build.0 = Debug|Win32
		{AA6A1B18-1545-4060-95EC-40A03A72FCAA}.Release|Win32.ActiveCfg = Release|Win32
		{AA6A1B18-1545-4060-95EC-40A03A72FCAA}.Release|Win32.Build.0 = Release|Win32
	EndGlobalSection
	GlobalSection(SolutionProperties) = preSolution
		HideSolutionNode = FALSE
	EndGlobalSection
EndGlobal
