
Microsoft Visual Studio Solution File, Format Version 9.00
# Visual Studio 2005
Project("{8BC9CEB8-8B4A-11D0-8D11-00A0C91BC942}") = "caipiao", "caipiao.vcproj", "{318764AD-8527-4FF5-81AF-19911D58A9ED}"
EndProject
Global
	GlobalSection(SolutionConfigurationPlatforms) = preSolution
		Debug|Win32 = Debug|Win32
		Release|Win32 = Release|Win32
	EndGlobalSection
	GlobalSection(ProjectConfigurationPlatforms) = postSolution
		{318764AD-8527-4FF5-81AF-19911D58A9ED}.Debug|Win32.ActiveCfg = Debug|Win32
		{318764AD-8527-4FF5-81AF-19911D58A9ED}.Debug|Win32.Build.0 = Debug|Win32
		{318764AD-8527-4FF5-81AF-19911D58A9ED}.Release|Win32.ActiveCfg = Release|Win32
		{318764AD-8527-4FF5-81AF-19911D58A9ED}.Release|Win32.Build.0 = Release|Win32
	EndGlobalSection
	GlobalSection(SolutionProperties) = preSolution
		HideSolutionNode = FALSE
	EndGlobalSection
EndGlobal
