
Microsoft Visual Studio Solution File, Format Version 10.00
# Visual Studio 2008
Project("{8BC9CEB8-8B4A-11D0-8D11-00A0C91BC942}") = "webCone", "webCone\webCone.vcproj", "{42756778-16C6-401A-BBF9-AAC5ACF321F6}"
EndProject
Project("{8BC9CEB8-8B4A-11D0-8D11-00A0C91BC942}") = "ChttpCon", "ChttpCon\ChttpCon.vcproj", "{AFA8583B-6ECC-4EE5-B8F6-EA11246B5BD5}"
EndProject
Project("{8BC9CEB8-8B4A-11D0-8D11-00A0C91BC942}") = "firetest", "firetest\firetest.vcproj", "{F6C919E5-0DB1-456A-90B7-B411522C82DE}"
EndProject
Global
	GlobalSection(SolutionConfigurationPlatforms) = preSolution
		Debug|Win32 = Debug|Win32
		Release|Win32 = Release|Win32
	EndGlobalSection
	GlobalSection(ProjectConfigurationPlatforms) = postSolution
		{42756778-16C6-401A-BBF9-AAC5ACF321F6}.Debug|Win32.ActiveCfg = Debug|Win32
		{42756778-16C6-401A-BBF9-AAC5ACF321F6}.Debug|Win32.Build.0 = Debug|Win32
		{42756778-16C6-401A-BBF9-AAC5ACF321F6}.Release|Win32.ActiveCfg = Release|Win32
		{42756778-16C6-401A-BBF9-AAC5ACF321F6}.Release|Win32.Build.0 = Release|Win32
		{AFA8583B-6ECC-4EE5-B8F6-EA11246B5BD5}.Debug|Win32.ActiveCfg = Debug|Win32
		{AFA8583B-6ECC-4EE5-B8F6-EA11246B5BD5}.Debug|Win32.Build.0 = Debug|Win32
		{AFA8583B-6ECC-4EE5-B8F6-EA11246B5BD5}.Release|Win32.ActiveCfg = Release|Win32
		{AFA8583B-6ECC-4EE5-B8F6-EA11246B5BD5}.Release|Win32.Build.0 = Release|Win32
		{F6C919E5-0DB1-456A-90B7-B411522C82DE}.Debug|Win32.ActiveCfg = Debug|Win32
		{F6C919E5-0DB1-456A-90B7-B411522C82DE}.Debug|Win32.Build.0 = Debug|Win32
		{F6C919E5-0DB1-456A-90B7-B411522C82DE}.Release|Win32.ActiveCfg = Release|Win32
		{F6C919E5-0DB1-456A-90B7-B411522C82DE}.Release|Win32.Build.0 = Release|Win32
	EndGlobalSection
	GlobalSection(SolutionProperties) = preSolution
		HideSolutionNode = FALSE
	EndGlobalSection
EndGlobal
